# This file was autogenerated by Stack.
# You should not edit this file by hand.
# For more information, please see the documentation at:
#   https://docs.haskellstack.org/en/stable/lock_files

packages: []
snapshots:
- completed:
    size: 577620
    url: https://raw.githubusercontent.com/commercialhaskell/stackage-snapshots/master/nightly/2021/8/29.yaml
    sha256: fc5790eb367b1af074ef0e7f6f0d7d5b23a1b80c40b8a01f6aabedf24308c83e
  original:
    url: https://raw.githubusercontent.com/commercialhaskell/stackage-snapshots/master/nightly/2021/8/29.yaml
